// !$*UTF8*$!
{
	archiveVersion = 1;
	classes = {
	};
	objectVersion = 46;
	objects = {

/* Begin PBXBuildFile section */
		EB36B4BB1D77200C009D2E15 /* main.m in Sources */ = {isa = PBXBuildFile; fileRef = EB36B4BA1D77200C009D2E15 /* main.m */; };
		EB36B4BE1D77200C009D2E15 /* AppDelegate.m in Sources */ = {isa = PBXBuildFile; fileRef = EB36B4BD1D77200C009D2E15 /* AppDelegate.m */; };
		EB36B4C41D77200C009D2E15 /* Main.storyboard in Resources */ = {isa = PBXBuildFile; fileRef = EB36B4C21D77200C009D2E15 /* Main.storyboard */; };
		EB36B4C61D77200C009D2E15 /* Assets.xcassets in Resources */ = {isa = PBXBuildFile; fileRef = EB36B4C51D77200C009D2E15 /* Assets.xcassets */; };
		EB36B4C91D77200C009D2E15 /* LaunchScreen.storyboard in Resources */ = {isa = PBXBuildFile; fileRef = EB36B4C71D77200C009D2E15 /* LaunchScreen.storyboard */; };
		EB36B4D41D77200C009D2E15 /* WeChatTests.m in Sources */ = {isa = PBXBuildFile; fileRef = EB36B4D31D77200C009D2E15 /* WeChatTests.m */; };
		EB36B4DF1D77200C009D2E15 /* WeChatUITests.m in Sources */ = {isa = PBXBuildFile; fileRef = EB36B4DE1D77200C009D2E15 /* WeChatUITests.m */; };
		EB36B4FF1D772603009D2E15 /* ViewController.m in Sources */ = {isa = PBXBuildFile; fileRef = EB36B4FC1D772603009D2E15 /* ViewController.m */; };
/* End PBXBuildFile section */

/* Begin PBXContainerItemProxy section */
		EB36B4D01D77200C009D2E15 /* PBXContainerItemProxy */ = {
			isa = PBXContainerItemProxy;
			containerPortal = EB36B4AE1D77200C009D2E15 /* Project object */;
			proxyType = 1;
			remoteGlobalIDString = EB36B4B51D77200C009D2E15;
			remoteInfo = WeChat;
		};
		EB36B4DB1D77200C009D2E15 /* PBXContainerItemProxy */ = {
			isa = PBXContainerItemProxy;
			containerPortal = EB36B4AE1D77200C009D2E15 /* Project object */;
			proxyType = 1;
			remoteGlobalIDString = EB36B4B51D77200C009D2E15;
			remoteInfo = WeChat;
		};
/* End PBXContainerItemProxy section */

/* Begin PBXFileReference section */
		EB36B4B61D77200C009D2E15 /* WeChat.app */ = {isa = PBXFileReference; explicitFileType = wrapper.application; includeInIndex = 0; path = WeChat.app; sourceTree = BUILT_PRODUCTS_DIR; };
		EB36B4BA1D77200C009D2E15 /* main.m */ = {isa = PBXFileReference; lastKnownFileType = sourcecode.c.objc; path = main.m; sourceTree = "<group>"; };
		EB36B4BC1D77200C009D2E15 /* AppDelegate.h */ = {isa = PBXFileReference; lastKnownFileType = sourcecode.c.h; path = AppDelegate.h; sourceTree = "<group>"; };
		EB36B4BD1D77200C009D2E15 /* AppDelegate.m */ = {isa = PBXFileReference; lastKnownFileType = sourcecode.c.objc; path = AppDelegate.m; sourceTree = "<group>"; };
		EB36B4C31D77200C009D2E15 /* Base */ = {isa = PBXFileReference; lastKnownFileType = file.storyboard; name = Base; path = Base.lproj/Main.storyboard; sourceTree = "<group>"; };
		EB36B4C51D77200C009D2E15 /* Assets.xcassets */ = {isa = PBXFileReference; lastKnownFileType = folder.assetcatalog; path = Assets.xcassets; sourceTree = "<group>"; };
		EB36B4C81D77200C009D2E15 /* Base */ = {isa = PBXFileReference; lastKnownFileType = file.storyboard; name = Base; path = Base.lproj/LaunchScreen.storyboard; sourceTree = "<group>"; };
		EB36B4CA1D77200C009D2E15 /* Info.plist */ = {isa = PBXFileReference; lastKnownFileType = text.plist.xml; path = Info.plist; sourceTree = "<group>"; };
		EB36B4CF1D77200C009D2E15 /* WeChatTests.xctest */ = {isa = PBXFileReference; explicitFileType = wrapper.cfbundle; includeInIndex = 0; path = WeChatTests.xctest; sourceTree = BUILT_PRODUCTS_DIR; };
		EB36B4D31D77200C009D2E15 /* WeChatTests.m */ = {isa = PBXFileReference; lastKnownFileType = sourcecode.c.objc; path = WeChatTests.m; sourceTree = "<group>"; };
		EB36B4D51D77200C009D2E15 /* Info.plist */ = {isa = PBXFileReference; lastKnownFileType = text.plist.xml; path = Info.plist; sourceTree = "<group>"; };
		EB36B4DA1D77200C009D2E15 /* WeChatUITests.xctest */ = {isa = PBXFileReference; explicitFileType = wrapper.cfbundle; includeInIndex = 0; path = WeChatUITests.xctest; sourceTree = BUILT_PRODUCTS_DIR; };
		EB36B4DE1D77200C009D2E15 /* WeChatUITests.m */ = {isa = PBXFileReference; lastKnownFileType = sourcecode.c.objc; path = WeChatUITests.m; sourceTree = "<group>"; };
		EB36B4E01D77200C009D2E15 /* Info.plist */ = {isa = PBXFileReference; lastKnownFileType = text.plist.xml; path = Info.plist; sourceTree = "<group>"; };
		EB36B4FB1D772603009D2E15 /* ViewController.h */ = {isa = PBXFileReference; fileEncoding = 4; lastKnownFileType = sourcecode.c.h; path = ViewController.h; sourceTree = "<group>"; };
		EB36B4FC1D772603009D2E15 /* ViewController.m */ = {isa = PBXFileReference; fileEncoding = 4; lastKnownFileType = sourcecode.c.objc; path = ViewController.m; sourceTree = "<group>"; };
/* End PBXFileReference section */

/* Begin PBXFrameworksBuildPhase section */
		EB36B4B31D77200C009D2E15 /* Frameworks */ = {
			isa = PBXFrameworksBuildPhase;
			buildActionMask = 2147483647;
			files = (
			);
			runOnlyForDeploymentPostprocessing = 0;
		};
		EB36B4CC1D77200C009D2E15 /* Frameworks */ = {
			isa = PBXFrameworksBuildPhase;
			buildActionMask = 2147483647;
			files = (
			);
			runOnlyForDeploymentPostprocessing = 0;
		};
		EB36B4D71D77200C009D2E15 /* Frameworks */ = {
			isa = PBXFrameworksBuildPhase;
			buildActionMask = 2147483647;
			files = (
			);
			runOnlyForDeploymentPostprocessing = 0;
		};
/* End PBXFrameworksBuildPhase section */

/* Begin PBXGroup section */
		EB36B4AD1D77200C009D2E15 = {
			isa = PBXGroup;
			children = (
				EB36B4F91D772603009D2E15 /* Classes */,
				EB36B4B81D77200C009D2E15 /* WeChat */,
				EB36B4D21D77200C009D2E15 /* WeChatTests */,
				EB36B4DD1D77200C009D2E15 /* WeChatUITests */,
				EB36B4B71D77200C009D2E15 /* Products */,
			);
			sourceTree = "<group>";
		};
		EB36B4B71D77200C009D2E15 /* Products */ = {
			isa = PBXGroup;
			children = (
				EB36B4B61D77200C009D2E15 /* WeChat.app */,
				EB36B4CF1D77200C009D2E15 /* WeChatTests.xctest */,
				EB36B4DA1D77200C009D2E15 /* WeChatUITests.xctest */,
			);
			name = Products;
			sourceTree = "<group>";
		};
		EB36B4B81D77200C009D2E15 /* WeChat */ = {
			isa = PBXGroup;
			children = (
				EB36B4BC1D77200C009D2E15 /* AppDelegate.h */,
				EB36B4BD1D77200C009D2E15 /* AppDelegate.m */,
				EB36B4C21D77200C009D2E15 /* Main.storyboard */,
				EB36B4C51D77200C009D2E15 /* Assets.xcassets */,
				EB36B4C71D77200C009D2E15 /* LaunchScreen.storyboard */,
				EB36B4CA1D77200C009D2E15 /* Info.plist */,
				EB36B4B91D77200C009D2E15 /* Supporting Files */,
			);
			path = WeChat;
			sourceTree = "<group>";
		};
		EB36B4B91D77200C009D2E15 /* Supporting Files */ = {
			isa = PBXGroup;
			children = (
				EB36B4BA1D77200C009D2E15 /* main.m */,
			);
			name = "Supporting Files";
			sourceTree = "<group>";
		};
		EB36B4D21D77200C009D2E15 /* WeChatTests */ = {
			isa = PBXGroup;
			children = (
				EB36B4D31D77200C009D2E15 /* WeChatTests.m */,
				EB36B4D51D77200C009D2E15 /* Info.plist */,
			);
			path = WeChatTests;
			sourceTree = "<group>";
		};
		EB36B4DD1D77200C009D2E15 /* WeChatUITests */ = {
			isa = PBXGroup;
			children = (
				EB36B4DE1D77200C009D2E15 /* WeChatUITests.m */,
				EB36B4E01D77200C009D2E15 /* Info.plist */,
			);
			path = WeChatUITests;
			sourceTree = "<group>";
		};
		EB36B4F91D772603009D2E15 /* Classes */ = {
			isa = PBXGroup;
			children = (
				EB36B4FA1D772603009D2E15 /* Controller */,
				EB36B4FD1D772603009D2E15 /* Model */,
				EB36B4FE1D772603009D2E15 /* View */,
			);
			name = Classes;
			path = WeChat/Classes;
			sourceTree = "<group>";
		};
		EB36B4FA1D772603009D2E15 /* Controller */ = {
			isa = PBXGroup;
			children = (
				EB36B4FB1D772603009D2E15 /* ViewController.h */,
				EB36B4FC1D772603009D2E15 /* ViewController.m */,
			);
			path = Controller;
			sourceTree = "<group>";
		};
		EB36B4FD1D772603009D2E15 /* Model */ = {
			isa = PBXGroup;
			children = (
			);
			path = Model;
			sourceTree = "<group>";
		};
		EB36B4FE1D772603009D2E15 /* View */ = {
			isa = PBXGroup;
			children = (
			);
			path = View;
			sourceTree = "<group>";
		};
/* End PBXGroup section */

/* Begin PBXNativeTarget section */
		EB36B4B51D77200C009D2E15 /* WeChat */ = {
			isa = PBXNativeTarget;
			buildConfigurationList = EB36B4E31D77200C009D2E15 /* Build configuration list for PBXNativeTarget "WeChat" */;
			buildPhases = (
				EB36B4B21D77200C009D2E15 /* Sources */,
				EB36B4B31D77200C009D2E15 /* Frameworks */,
				EB36B4B41D77200C009D2E15 /* Resources */,
			);
			buildRules = (
			);
			dependencies = (
			);
			name = WeChat;
			productName = WeChat;
			productReference = EB36B4B61D77200C009D2E15 /* WeChat.app */;
			productType = "com.apple.product-type.application";
		};
		EB36B4CE1D77200C009D2E15 /* WeChatTests */ = {
			isa = PBXNativeTarget;
			buildConfigurationList = EB36B4E61D77200C009D2E15 /* Build configuration list for PBXNativeTarget "WeChatTests" */;
			buildPhases = (
				EB36B4CB1D77200C009D2E15 /* Sources */,
				EB36B4CC1D77200C009D2E15 /* Frameworks */,
				EB36B4CD1D77200C009D2E15 /* Resources */,
			);
			buildRules = (
			);
			dependencies = (
				EB36B4D11D77200C009D2E15 /* PBXTargetDependency */,
			);
			name = WeChatTests;
			productName = WeChatTests;
			productReference = EB36B4CF1D77200C009D2E15 /* WeChatTests.xctest */;
			productType = "com.apple.product-type.bundle.unit-test";
		};
		EB36B4D91D77200C009D2E15 /* WeChatUITests */ = {
			isa = PBXNativeTarget;
			buildConfigurationList = EB36B4E91D77200C009D2E15 /* Build configuration list for PBXNativeTarget "WeChatUITests" */;
			buildPhases = (
				EB36B4D61D77200C009D2E15 /* Sources */,
				EB36B4D71D77200C009D2E15 /* Frameworks */,
				EB36B4D81D77200C009D2E15 /* Resources */,
			);
			buildRules = (
			);
			dependencies = (
				EB36B4DC1D77200C009D2E15 /* PBXTargetDependency */,
			);
			name = WeChatUITests;
			productName = WeChatUITests;
			productReference = EB36B4DA1D77200C009D2E15 /* WeChatUITests.xctest */;
			productType = "com.apple.product-type.bundle.ui-testing";
		};
/* End PBXNativeTarget section */

/* Begin PBXProject section */
		EB36B4AE1D77200C009D2E15 /* Project object */ = {
			isa = PBXProject;
			attributes = {
				LastUpgradeCheck = 0720;
				ORGANIZATIONNAME = chenfangkun;
				TargetAttributes = {
					EB36B4B51D77200C009D2E15 = {
						CreatedOnToolsVersion = 7.2;
					};
					EB36B4CE1D77200C009D2E15 = {
						CreatedOnToolsVersion = 7.2;
						TestTargetID = EB36B4B51D77200C009D2E15;
					};
					EB36B4D91D77200C009D2E15 = {
						CreatedOnToolsVersion = 7.2;
						TestTargetID = EB36B4B51D77200C009D2E15;
					};
				};
			};
			buildConfigurationList = EB36B4B11D77200C009D2E15 /* Build configuration list for PBXProject "WeChat" */;
			compatibilityVersion = "Xcode 3.2";
			developmentRegion = English;
			hasScannedForEncodings = 0;
			knownRegions = (
				en,
				Base,
			);
			mainGroup = EB36B4AD1D77200C009D2E15;
			productRefGroup = EB36B4B71D77200C009D2E15 /* Products */;
			projectDirPath = "";
			projectRoot = "";
			targets = (
				EB36B4B51D77200C009D2E15 /* WeChat */,
				EB36B4CE1D77200C009D2E15 /* WeChatTests */,
				EB36B4D91D77200C009D2E15 /* WeChatUITests */,
			);
		};
/* End PBXProject section */

/* Begin PBXResourcesBuildPhase section */
		EB36B4B41D77200C009D2E15 /* Resources */ = {
			isa = PBXResourcesBuildPhase;
			buildActionMask = 2147483647;
			files = (
				EB36B4C91D77200C009D2E15 /* LaunchScreen.storyboard in Resources */,
				EB36B4C61D77200C009D2E15 /* Assets.xcassets in Resources */,
				EB36B4C41D77200C009D2E15 /* Main.storyboard in Resources */,
			);
			runOnlyForDeploymentPostprocessing = 0;
		};
		EB36B4CD1D77200C009D2E15 /* Resources */ = {
			isa = PBXResourcesBuildPhase;
			buildActionMask = 2147483647;
			files = (
			);
			runOnlyForDeploymentPostprocessing = 0;
		};
		EB36B4D81D77200C009D2E15 /* Resources */ = {
			isa = PBXResourcesBuildPhase;
			buildActionMask = 2147483647;
			files = (
			);
			runOnlyForDeploymentPostprocessing = 0;
		};
/* End PBXResourcesBuildPhase section */

/* Begin PBXSourcesBuildPhase section */
		EB36B4B21D77200C009D2E15 /* Sources */ = {
			isa = PBXSourcesBuildPhase;
			buildActionMask = 2147483647;
			files = (
				EB36B4FF1D772603009D2E15 /* ViewController.m in Sources */,
				EB36B4BE1D77200C009D2E15 /* AppDelegate.m in Sources */,
				EB36B4BB1D77200C009D2E15 /* main.m in Sources */,
			);
			runOnlyForDeploymentPostprocessing = 0;
		};
		EB36B4CB1D77200C009D2E15 /* Sources */ = {
			isa = PBXSourcesBuildPhase;
			buildActionMask = 2147483647;
			files = (
				EB36B4D41D77200C009D2E15 /* WeChatTests.m in Sources */,
			);
			runOnlyForDeploymentPostprocessing = 0;
		};
		EB36B4D61D77200C009D2E15 /* Sources */ = {
			isa = PBXSourcesBuildPhase;
			buildActionMask = 2147483647;
			files = (
				EB36B4DF1D77200C009D2E15 /* WeChatUITests.m in Sources */,
			);
			runOnlyForDeploymentPostprocessing = 0;
		};
/* End PBXSourcesBuildPhase section */

/* Begin PBXTargetDependency section */
		EB36B4D11D77200C009D2E15 /* PBXTargetDependency */ = {
			isa = PBXTargetDependency;
			target = EB36B4B51D77200C009D2E15 /* WeChat */;
			targetProxy = EB36B4D01D77200C009D2E15 /* PBXContainerItemProxy */;
		};
		EB36B4DC1D77200C009D2E15 /* PBXTargetDependency */ = {
			isa = PBXTargetDependency;
			target = EB36B4B51D77200C009D2E15 /* WeChat */;
			targetProxy = EB36B4DB1D77200C009D2E15 /* PBXContainerItemProxy */;
		};
/* End PBXTargetDependency section */

/* Begin PBXVariantGroup section */
		EB36B4C21D77200C009D2E15 /* Main.storyboard */ = {
			isa = PBXVariantGroup;
			children = (
				EB36B4C31D77200C009D2E15 /* Base */,
			);
			name = Main.storyboard;
			sourceTree = "<group>";
		};
		EB36B4C71D77200C009D2E15 /* LaunchScreen.storyboard */ = {
			isa = PBXVariantGroup;
			children = (
				EB36B4C81D77200C009D2E15 /* Base */,
			);
			name = LaunchScreen.storyboard;
			sourceTree = "<group>";
		};
/* End PBXVariantGroup section */

/* Begin XCBuildConfiguration section */
		EB36B4E11D77200C009D2E15 /* Debug */ = {
			isa = XCBuildConfiguration;
			buildSettings = {
				ALWAYS_SEARCH_USER_PATHS = NO;
				CLANG_CXX_LANGUAGE_STANDARD = "gnu++0x";
				CLANG_CXX_LIBRARY = "libc++";
				CLANG_ENABLE_MODULES = YES;
				CLANG_ENABLE_OBJC_ARC = YES;
				CLANG_WARN_BOOL_CONVERSION = YES;
				CLANG_WARN_CONSTANT_CONVERSION = YES;
				CLANG_WARN_DIRECT_OBJC_ISA_USAGE = YES_ERROR;
				CLANG_WARN_EMPTY_BODY = YES;
				CLANG_WARN_ENUM_CONVERSION = YES;
				CLANG_WARN_INT_CONVERSION = YES;
				CLANG_WARN_OBJC_ROOT_CLASS = YES_ERROR;
				CLANG_WARN_UNREACHABLE_CODE = YES;
				CLANG_WARN__DUPLICATE_METHOD_MATCH = YES;
				"CODE_SIGN_IDENTITY[sdk=iphoneos*]" = "iPhone Developer";
				COPY_PHASE_STRIP = NO;
				DEBUG_INFORMATION_FORMAT = dwarf;
				ENABLE_STRICT_OBJC_MSGSEND = YES;
				ENABLE_TESTABILITY = YES;
				GCC_C_LANGUAGE_STANDARD = gnu99;
				GCC_DYNAMIC_NO_PIC = NO;
				GCC_NO_COMMON_BLOCKS = YES;
				GCC_OPTIMIZATION_LEVEL = 0;
				GCC_PREPROCESSOR_DEFINITIONS = (
					"DEBUG=1",
					"$(inherited)",
				);
				GCC_WARN_64_TO_32_BIT_CONVERSION = YES;
				GCC_WARN_ABOUT_RETURN_TYPE = YES_ERROR;
				GCC_WARN_UNDECLARED_SELECTOR = YES;
				GCC_WARN_UNINITIALIZED_AUTOS = YES_AGGRESSIVE;
				GCC_WARN_UNUSED_FUNCTION = YES;
				GCC_WARN_UNUSED_VARIABLE = YES;
				IPHONEOS_DEPLOYMENT_TARGET = 9.2;
				MTL_ENABLE_DEBUG_INFO = YES;
				ONLY_ACTIVE_ARCH = YES;
				SDKROOT = iphoneos;
				TARGETED_DEVICE_FAMILY = "1,2";
			};
			name = Debug;
		};
		EB36B4E21D77200C009D2E15 /* Release */ = {
			isa = XCBuildConfiguration;
			buildSettings = {
				ALWAYS_SEARCH_USER_PATHS = NO;
				CLANG_CXX_LANGUAGE_STANDARD = "gnu++0x";
				CLANG_CXX_LIBRARY = "libc++";
				CLANG_ENABLE_MODULES = YES;
				CLANG_ENABLE_OBJC_ARC = YES;
				CLANG_WARN_BOOL_CONVERSION = YES;
				CLANG_WARN_CONSTANT_CONVERSION = YES;
				CLANG_WARN_DIRECT_OBJC_ISA_USAGE = YES_ERROR;
				CLANG_WARN_EMPTY_BODY = YES;
				CLANG_WARN_ENUM_CONVERSION = YES;
				CLANG_WARN_INT_CONVERSION = YES;
				CLANG_WARN_OBJC_ROOT_CLASS = YES_ERROR;
				CLANG_WARN_UNREACHABLE_CODE = YES;
				CLANG_WARN__DUPLICATE_METHOD_MATCH = YES;
				"CODE_SIGN_IDENTITY[sdk=iphoneos*]" = "iPhone Developer";
				COPY_PHASE_STRIP = NO;
				DEBUG_INFORMATION_FORMAT = "dwarf-with-dsym";
				ENABLE_NS_ASSERTIONS = NO;
				ENABLE_STRICT_OBJC_MSGSEND = YES;
				GCC_C_LANGUAGE_STANDARD = gnu99;
				GCC_NO_COMMON_BLOCKS = YES;
				GCC_WARN_64_TO_32_BIT_CONVERSION = YES;
				GCC_WARN_ABOUT_RETURN_TYPE = YES_ERROR;
				GCC_WARN_UNDECLARED_SELECTOR = YES;
				GCC_WARN_UNINITIALIZED_AUTOS = YES_AGGRESSIVE;
				GCC_WARN_UNUSED_FUNCTION = YES;
				GCC_WARN_UNUSED_VARIABLE = YES;
				IPHONEOS_DEPLOYMENT_TARGET = 9.2;
				MTL_ENABLE_DEBUG_INFO = NO;
				SDKROOT = iphoneos;
				TARGETED_DEVICE_FAMILY = "1,2";
				VALIDATE_PRODUCT = YES;
			};
			name = Release;
		};
		EB36B4E41D77200C009D2E15 /* Debug */ = {
			isa = XCBuildConfiguration;
			buildSettings = {
				ASSETCATALOG_COMPILER_APPICON_NAME = AppIcon;
				INFOPLIST_FILE = WeChat/Info.plist;
				LD_RUNPATH_SEARCH_PATHS = "$(inherited) @executable_path/Frameworks";
				PRODUCT_BUNDLE_IDENTIFIER = san.WeChat;
				PRODUCT_NAME = "$(TARGET_NAME)";
			};
			name = Debug;
		};
		EB36B4E51D77200C009D2E15 /* Release */ = {
			isa = XCBuildConfiguration;
			buildSettings = {
				ASSETCATALOG_COMPILER_APPICON_NAME = AppIcon;
				INFOPLIST_FILE = WeChat/Info.plist;
				LD_RUNPATH_SEARCH_PATHS = "$(inherited) @executable_path/Frameworks";
				PRODUCT_BUNDLE_IDENTIFIER = san.WeChat;
				PRODUCT_NAME = "$(TARGET_NAME)";
			};
			name = Release;
		};
		EB36B4E71D77200C009D2E15 /* Debug */ = {
			isa = XCBuildConfiguration;
			buildSettings = {
				BUNDLE_LOADER = "$(TEST_HOST)";
				INFOPLIST_FILE = WeChatTests/Info.plist;
				LD_RUNPATH_SEARCH_PATHS = "$(inherited) @executable_path/Frameworks @loader_path/Frameworks";
				PRODUCT_BUNDLE_IDENTIFIER = san.WeChatTests;
				PRODUCT_NAME = "$(TARGET_NAME)";
				TEST_HOST = "$(BUILT_PRODUCTS_DIR)/WeChat.app/WeChat";
			};
			name = Debug;
		};
		EB36B4E81D77200C009D2E15 /* Release */ = {
			isa = XCBuildConfiguration;
			buildSettings = {
				BUNDLE_LOADER = "$(TEST_HOST)";
				INFOPLIST_FILE = WeChatTests/Info.plist;
				LD_RUNPATH_SEARCH_PATHS = "$(inherited) @executable_path/Frameworks @loader_path/Frameworks";
				PRODUCT_BUNDLE_IDENTIFIER = san.WeChatTests;
				PRODUCT_NAME = "$(TARGET_NAME)";
				TEST_HOST = "$(BUILT_PRODUCTS_DIR)/WeChat.app/WeChat";
			};
			name = Release;
		};
		EB36B4EA1D77200C009D2E15 /* Debug */ = {
			isa = XCBuildConfiguration;
			buildSettings = {
				INFOPLIST_FILE = WeChatUITests/Info.plist;
				LD_RUNPATH_SEARCH_PATHS = "$(inherited) @executable_path/Frameworks @loader_path/Frameworks";
				PRODUCT_BUNDLE_IDENTIFIER = san.WeChatUITests;
				PRODUCT_NAME = "$(TARGET_NAME)";
				TEST_TARGET_NAME = WeChat;
				USES_XCTRUNNER = YES;
			};
			name = Debug;
		};
		EB36B4EB1D77200C009D2E15 /* Release */ = {
			isa = XCBuildConfiguration;
			buildSettings = {
				INFOPLIST_FILE = WeChatUITests/Info.plist;
				LD_RUNPATH_SEARCH_PATHS = "$(inherited) @executable_path/Frameworks @loader_path/Frameworks";
				PRODUCT_BUNDLE_IDENTIFIER = san.WeChatUITests;
				PRODUCT_NAME = "$(TARGET_NAME)";
				TEST_TARGET_NAME = WeChat;
				USES_XCTRUNNER = YES;
			};
			name = Release;
		};
/* End XCBuildConfiguration section */

/* Begin XCConfigurationList section */
		EB36B4B11D77200C009D2E15 /* Build configuration list for PBXProject "WeChat" */ = {
			isa = XCConfigurationList;
			buildConfigurations = (
				EB36B4E11D77200C009D2E15 /* Debug */,
				EB36B4E21D77200C009D2E15 /* Release */,
			);
			defaultConfigurationIsVisible = 0;
			defaultConfigurationName = Release;
		};
		EB36B4E31D77200C009D2E15 /* Build configuration list for PBXNativeTarget "WeChat" */ = {
			isa = XCConfigurationList;
			buildConfigurations = (
				EB36B4E41D77200C009D2E15 /* Debug */,
				EB36B4E51D77200C009D2E15 /* Release */,
			);
			defaultConfigurationIsVisible = 0;
			defaultConfigurationName = Release;
		};
		EB36B4E61D77200C009D2E15 /* Build configuration list for PBXNativeTarget "WeChatTests" */ = {
			isa = XCConfigurationList;
			buildConfigurations = (
				EB36B4E71D77200C009D2E15 /* Debug */,
				EB36B4E81D77200C009D2E15 /* Release */,
			);
			defaultConfigurationIsVisible = 0;
			defaultConfigurationName = Release;
		};
		EB36B4E91D77200C009D2E15 /* Build configuration list for PBXNativeTarget "WeChatUITests" */ = {
			isa = XCConfigurationList;
			buildConfigurations = (
				EB36B4EA1D77200C009D2E15 /* Debug */,
				EB36B4EB1D77200C009D2E15 /* Release */,
			);
			defaultConfigurationIsVisible = 0;
			defaultConfigurationName = Release;
		};
/* End XCConfigurationList section */
	};
	rootObject = EB36B4AE1D77200C009D2E15 /* Project object */;
}
